
Microsoft Visual Studio Solution File, Format Version 12.00
# Visual Studio Version 17
VisualStudioVersion = 17.7.34031.279
MinimumVisualStudioVersion = 10.0.40219.1
Project("{9A19103F-16F7-4668-BE54-9A1E7A4F7556}") = "VideoGameLibary.Server", "VideoGameLibary\Server\VideoGameLibary.Server.csproj", "{37E920C2-ABB9-4FDF-9733-9DDFDA50F8D9}"
EndProject
Project("{9A19103F-16F7-4668-BE54-9A1E7A4F7556}") = "VideoGameLibary.Client", "VideoGameLibary\Client\VideoGameLibary.Client.csproj", "{AEE3753C-8231-43B1-A94F-05464CD2A684}"
EndProject
Project("{9A19103F-16F7-4668-BE54-9A1E7A4F7556}") = "VideoGameLibary.Shared", "VideoGameLibary\Shared\VideoGameLibary.Shared.csproj", "{AF691F0E-E4FE-42AE-A3E7-A4E57843471A}"
EndProject
Project("{FAE04EC0-301F-11D3-BF4B-00C04F79EFBC}") = "VideoGameLibary.VideoGameModel", "VideoGameLibary.VideoGameModel\VideoGameLibary.VideoGameModel.csproj", "{5C845221-2881-4C1F-971F-1827A87EFE9B}"
EndProject
Global
	GlobalSection(SolutionConfigurationPlatforms) = preSolution
		Debug|Any CPU = Debug|Any CPU
		Release|Any CPU = Release|Any CPU
	EndGlobalSection
	GlobalSection(ProjectConfigurationPlatforms) = postSolution
		{37E920C2-ABB9-4FDF-9733-9DDFDA50F8D9}.Debug|Any CPU.ActiveCfg = Debug|Any CPU
		{37E920C2-ABB9-4FDF-9733-9DDFDA50F8D9}.Debug|Any CPU.Build.0 = Debug|Any CPU
		{37E920C2-ABB9-4FDF-9733-9DDFDA50F8D9}.Release|Any CPU.ActiveCfg = Release|Any CPU
		{37E920C2-ABB9-4FDF-9733-9DDFDA50F8D9}.Release|Any CPU.Build.0 = Release|Any CPU
		{AEE3753C-8231-43B1-A94F-05464CD2A684}.Debug|Any CPU.ActiveCfg = Debug|Any CPU
		{AEE3753C-8231-43B1-A94F-05464CD2A684}.Debug|Any CPU.Build.0 = Debug|Any CPU
		{AEE3753C-8231-43B1-A94F-05464CD2A684}.Release|Any CPU.ActiveCfg = Release|Any CPU
		{AEE3753C-8231-43B1-A94F-05464CD2A684}.Release|Any CPU.Build.0 = Release|Any CPU
		{AF691F0E-E4FE-42AE-A3E7-A4E57843471A}.Debug|Any CPU.ActiveCfg = Debug|Any CPU
		{AF691F0E-E4FE-42AE-A3E7-A4E57843471A}.Debug|Any CPU.Build.0 = Debug|Any CPU
		{AF691F0E-E4FE-42AE-A3E7-A4E57843471A}.Release|Any CPU.ActiveCfg = Release|Any CPU
		{AF691F0E-E4FE-42AE-A3E7-A4E57843471A}.Release|Any CPU.Build.0 = Release|Any CPU
		{5C845221-2881-4C1F-971F-1827A87EFE9B}.Debug|Any CPU.ActiveCfg = Debug|Any CPU
		{5C845221-2881-4C1F-971F-1827A87EFE9B}.Debug|Any CPU.Build.0 = Debug|Any CPU
		{5C845221-2881-4C1F-971F-1827A87EFE9B}.Release|Any CPU.ActiveCfg = Release|Any CPU
		{5C845221-2881-4C1F-971F-1827A87EFE9B}.Release|Any CPU.Build.0 = Release|Any CPU
	EndGlobalSection
	GlobalSection(SolutionProperties) = preSolution
		HideSolutionNode = FALSE
	EndGlobalSection
	GlobalSection(ExtensibilityGlobals) = postSolution
		SolutionGuid = {49DBB539-BA90-4A3B-B069-EEBAD9350D28}
	EndGlobalSection
EndGlobal
