
Microsoft Visual Studio Solution File, Format Version 12.00
# Visual Studio Version 17
VisualStudioVersion = 17.7.34009.444
MinimumVisualStudioVersion = 10.0.40219.1
Project("{FAE04EC0-301F-11D3-BF4B-00C04F79EFBC}") = "VideoGameLibary.Client", "VideoGameLibary.Client\VideoGameLibary.Client.csproj", "{6B35558D-594A-43FC-911A-135D4053FD48}"
EndProject
Project("{FAE04EC0-301F-11D3-BF4B-00C04F79EFBC}") = "VideoGameLibary.Server", "VideoGameLibary.Server\VideoGameLibary.Server.csproj", "{82F74C44-4F3D-4C03-96C3-2834A1FE59A2}"
EndProject
Global
	GlobalSection(SolutionConfigurationPlatforms) = preSolution
		Debug|Any CPU = Debug|Any CPU
		Release|Any CPU = Release|Any CPU
	EndGlobalSection
	GlobalSection(ProjectConfigurationPlatforms) = postSolution
		{6B35558D-594A-43FC-911A-135D4053FD48}.Debug|Any CPU.ActiveCfg = Debug|Any CPU
		{6B35558D-594A-43FC-911A-135D4053FD48}.Debug|Any CPU.Build.0 = Debug|Any CPU
		{6B35558D-594A-43FC-911A-135D4053FD48}.Release|Any CPU.ActiveCfg = Release|Any CPU
		{6B35558D-594A-43FC-911A-135D4053FD48}.Release|Any CPU.Build.0 = Release|Any CPU
		{82F74C44-4F3D-4C03-96C3-2834A1FE59A2}.Debug|Any CPU.ActiveCfg = Debug|Any CPU
		{82F74C44-4F3D-4C03-96C3-2834A1FE59A2}.Debug|Any CPU.Build.0 = Debug|Any CPU
		{82F74C44-4F3D-4C03-96C3-2834A1FE59A2}.Release|Any CPU.ActiveCfg = Release|Any CPU
		{82F74C44-4F3D-4C03-96C3-2834A1FE59A2}.Release|Any CPU.Build.0 = Release|Any CPU
	EndGlobalSection
	GlobalSection(SolutionProperties) = preSolution
		HideSolutionNode = FALSE
	EndGlobalSection
	GlobalSection(ExtensibilityGlobals) = postSolution
		SolutionGuid = {F96F4109-179C-4899-9EE0-D7E582AF25DF}
	EndGlobalSection
EndGlobal
